// !$*UTF8*$!
{
	archiveVersion = 1;
	classes = {
	};
	objectVersion = 48;
	objects = {

/* Begin PBXBuildFile section */
		5027F22AE7334B42C55995DA /* Pods_ToDoListTests.framework in Frameworks */ = {isa = PBXBuildFile; fileRef = D5F2D319CADDDC6D7F594508 /* Pods_ToDoListTests.framework */; };
		52FB7CE620504632000F9B31 /* AppDelegate.swift in Sources */ = {isa = PBXBuildFile; fileRef = 52FB7CE520504632000F9B31 /* AppDelegate.swift */; };
		52FB7CE820504632000F9B31 /* ViewController.swift in Sources */ = {isa = PBXBuildFile; fileRef = 52FB7CE720504632000F9B31 /* ViewController.swift */; };
		52FB7CEB20504632000F9B31 /* Main.storyboard in Resources */ = {isa = PBXBuildFile; fileRef = 52FB7CE920504632000F9B31 /* Main.storyboard */; };
		52FB7CED20504632000F9B31 /* Assets.xcassets in Resources */ = {isa = PBXBuildFile; fileRef = 52FB7CEC20504632000F9B31 /* Assets.xcassets */; };
		52FB7CF020504632000F9B31 /* LaunchScreen.storyboard in Resources */ = {isa = PBXBuildFile; fileRef = 52FB7CEE20504632000F9B31 /* LaunchScreen.storyboard */; };
		52FB7CFB20504632000F9B31 /* ToDoListTests.swift in Sources */ = {isa = PBXBuildFile; fileRef = 52FB7CFA20504632000F9B31 /* ToDoListTests.swift */; };
		52FB7D06205050A7000F9B31 /* AddController.swift in Sources */ = {isa = PBXBuildFile; fileRef = 52FB7D05205050A7000F9B31 /* AddController.swift */; };
		52FB7D08205052C0000F9B31 /* ToDoData.swift in Sources */ = {isa = PBXBuildFile; fileRef = 52FB7D07205052C0000F9B31 /* ToDoData.swift */; };
		749686342A99354B6C0A0407 /* Pods_ToDoList.framework in Frameworks */ = {isa = PBXBuildFile; fileRef = DE11D35AE46965EF9EC3B8CE /* Pods_ToDoList.framework */; };
		94D14E8421C1F45D00A6ADA1 /* credentials.plist in Resources */ = {isa = PBXBuildFile; fileRef = 94D14E8321C1F45D00A6ADA1 /* credentials.plist */; };
/* End PBXBuildFile section */

/* Begin PBXContainerItemProxy section */
		52FB7CF720504632000F9B31 /* PBXContainerItemProxy */ = {
			isa = PBXContainerItemProxy;
			containerPortal = 52FB7CDA20504632000F9B31 /* Project object */;
			proxyType = 1;
			remoteGlobalIDString = 52FB7CE120504632000F9B31;
			remoteInfo = ToDoList;
		};
/* End PBXContainerItemProxy section */

/* Begin PBXFileReference section */
		077BB539BC09D46C6489A2D0 /* Pods-ToDoList.release.xcconfig */ = {isa = PBXFileReference; includeInIndex = 1; lastKnownFileType = text.xcconfig; name = "Pods-ToDoList.release.xcconfig"; path = "Pods/Target Support Files/Pods-ToDoList/Pods-ToDoList.release.xcconfig"; sourceTree = "<group>"; };
		0BD9A856E6057600C93E4AC1 /* Pods-ToDoListTests.release.xcconfig */ = {isa = PBXFileReference; includeInIndex = 1; lastKnownFileType = text.xcconfig; name = "Pods-ToDoListTests.release.xcconfig"; path = "Pods/Target Support Files/Pods-ToDoListTests/Pods-ToDoListTests.release.xcconfig"; sourceTree = "<group>"; };
		45C9D8B3CD90BDCFB58E829C /* Pods-ToDoList.debug.xcconfig */ = {isa = PBXFileReference; includeInIndex = 1; lastKnownFileType = text.xcconfig; name = "Pods-ToDoList.debug.xcconfig"; path = "Pods/Target Support Files/Pods-ToDoList/Pods-ToDoList.debug.xcconfig"; sourceTree = "<group>"; };
		52FB7CE220504632000F9B31 /* ToDoList.app */ = {isa = PBXFileReference; explicitFileType = wrapper.application; includeInIndex = 0; path = ToDoList.app; sourceTree = BUILT_PRODUCTS_DIR; };
		52FB7CE520504632000F9B31 /* AppDelegate.swift */ = {isa = PBXFileReference; lastKnownFileType = sourcecode.swift; path = AppDelegate.swift; sourceTree = "<group>"; };
		52FB7CE720504632000F9B31 /* ViewController.swift */ = {isa = PBXFileReference; lastKnownFileType = sourcecode.swift; path = ViewController.swift; sourceTree = "<group>"; };
		52FB7CEA20504632000F9B31 /* Base */ = {isa = PBXFileReference; lastKnownFileType = file.storyboard; name = Base; path = Base.lproj/Main.storyboard; sourceTree = "<group>"; };
		52FB7CEC20504632000F9B31 /* Assets.xcassets */ = {isa = PBXFileReference; lastKnownFileType = folder.assetcatalog; path = Assets.xcassets; sourceTree = "<group>"; };
		52FB7CEF20504632000F9B31 /* Base */ = {isa = PBXFileReference; lastKnownFileType = file.storyboard; name = Base; path = Base.lproj/LaunchScreen.storyboard; sourceTree = "<group>"; };
		52FB7CF120504632000F9B31 /* Info.plist */ = {isa = PBXFileReference; lastKnownFileType = text.plist.xml; path = Info.plist; sourceTree = "<group>"; };
		52FB7CF620504632000F9B31 /* ToDoListTests.xctest */ = {isa = PBXFileReference; explicitFileType = wrapper.cfbundle; includeInIndex = 0; path = ToDoListTests.xctest; sourceTree = BUILT_PRODUCTS_DIR; };
		52FB7CFA20504632000F9B31 /* ToDoListTests.swift */ = {isa = PBXFileReference; lastKnownFileType = sourcecode.swift; path = ToDoListTests.swift; sourceTree = "<group>"; };
		52FB7CFC20504632000F9B31 /* Info.plist */ = {isa = PBXFileReference; lastKnownFileType = text.plist.xml; path = Info.plist; sourceTree = "<group>"; };
		52FB7D05205050A7000F9B31 /* AddController.swift */ = {isa = PBXFileReference; lastKnownFileType = sourcecode.swift; path = AddController.swift; sourceTree = "<group>"; };
		52FB7D07205052C0000F9B31 /* ToDoData.swift */ = {isa = PBXFileReference; lastKnownFileType = sourcecode.swift; path = ToDoData.swift; sourceTree = "<group>"; };
		57431213605A06726072B21E /* Pods-ToDoListTests.debug.xcconfig */ = {isa = PBXFileReference; includeInIndex = 1; lastKnownFileType = text.xcconfig; name = "Pods-ToDoListTests.debug.xcconfig"; path = "Pods/Target Support Files/Pods-ToDoListTests/Pods-ToDoListTests.debug.xcconfig"; sourceTree = "<group>"; };
		94D14E8321C1F45D00A6ADA1 /* credentials.plist */ = {isa = PBXFileReference; fileEncoding = 4; lastKnownFileType = text.plist.xml; name = credentials.plist; path = ../../../../Downloads/credentials.plist; sourceTree = "<group>"; };
		D5F2D319CADDDC6D7F594508 /* Pods_ToDoListTests.framework */ = {isa = PBXFileReference; explicitFileType = wrapper.framework; includeInIndex = 0; path = Pods_ToDoListTests.framework; sourceTree = BUILT_PRODUCTS_DIR; };
		DE11D35AE46965EF9EC3B8CE /* Pods_ToDoList.framework */ = {isa = PBXFileReference; explicitFileType = wrapper.framework; includeInIndex = 0; path = Pods_ToDoList.framework; sourceTree = BUILT_PRODUCTS_DIR; };
/* End PBXFileReference section */

/* Begin PBXFrameworksBuildPhase section */
		52FB7CDF20504632000F9B31 /* Frameworks */ = {
			isa = PBXFrameworksBuildPhase;
			buildActionMask = 2147483647;
			files = (
				749686342A99354B6C0A0407 /* Pods_ToDoList.framework in Frameworks */,
			);
			runOnlyForDeploymentPostprocessing = 0;
		};
		52FB7CF320504632000F9B31 /* Frameworks */ = {
			isa = PBXFrameworksBuildPhase;
			buildActionMask = 2147483647;
			files = (
				5027F22AE7334B42C55995DA /* Pods_ToDoListTests.framework in Frameworks */,
			);
			runOnlyForDeploymentPostprocessing = 0;
		};
/* End PBXFrameworksBuildPhase section */

/* Begin PBXGroup section */
		24F4A5C8DECC927BDAFA83BC /* Pods */ = {
			isa = PBXGroup;
			children = (
				45C9D8B3CD90BDCFB58E829C /* Pods-ToDoList.debug.xcconfig */,
				077BB539BC09D46C6489A2D0 /* Pods-ToDoList.release.xcconfig */,
				57431213605A06726072B21E /* Pods-ToDoListTests.debug.xcconfig */,
				0BD9A856E6057600C93E4AC1 /* Pods-ToDoListTests.release.xcconfig */,
			);
			name = Pods;
			sourceTree = "<group>";
		};
		52FB7CD920504632000F9B31 = {
			isa = PBXGroup;
			children = (
				52FB7CE420504632000F9B31 /* ToDoList */,
				52FB7CF920504632000F9B31 /* ToDoListTests */,
				52FB7CE320504632000F9B31 /* Products */,
				24F4A5C8DECC927BDAFA83BC /* Pods */,
				62B7F7D573AD8B4C97D9DA7B /* Frameworks */,
			);
			sourceTree = "<group>";
		};
		52FB7CE320504632000F9B31 /* Products */ = {
			isa = PBXGroup;
			children = (
				52FB7CE220504632000F9B31 /* ToDoList.app */,
				52FB7CF620504632000F9B31 /* ToDoListTests.xctest */,
			);
			name = Products;
			sourceTree = "<group>";
		};
		52FB7CE420504632000F9B31 /* ToDoList */ = {
			isa = PBXGroup;
			children = (
				52FB7CE520504632000F9B31 /* AppDelegate.swift */,
				52FB7CE720504632000F9B31 /* ViewController.swift */,
				52FB7D05205050A7000F9B31 /* AddController.swift */,
				52FB7CE920504632000F9B31 /* Main.storyboard */,
				94D14E8321C1F45D00A6ADA1 /* credentials.plist */,
				52FB7D07205052C0000F9B31 /* ToDoData.swift */,
				52FB7CEC20504632000F9B31 /* Assets.xcassets */,
				52FB7CEE20504632000F9B31 /* LaunchScreen.storyboard */,
				52FB7CF120504632000F9B31 /* Info.plist */,
			);
			path = ToDoList;
			sourceTree = "<group>";
		};
		52FB7CF920504632000F9B31 /* ToDoListTests */ = {
			isa = PBXGroup;
			children = (
				52FB7CFA20504632000F9B31 /* ToDoListTests.swift */,
				52FB7CFC20504632000F9B31 /* Info.plist */,
			);
			path = ToDoListTests;
			sourceTree = "<group>";
		};
		62B7F7D573AD8B4C97D9DA7B /* Frameworks */ = {
			isa = PBXGroup;
			children = (
				DE11D35AE46965EF9EC3B8CE /* Pods_ToDoList.framework */,
				D5F2D319CADDDC6D7F594508 /* Pods_ToDoListTests.framework */,
			);
			name = Frameworks;
			sourceTree = "<group>";
		};
/* End PBXGroup section */

/* Begin PBXNativeTarget section */
		52FB7CE120504632000F9B31 /* ToDoList */ = {
			isa = PBXNativeTarget;
			buildConfigurationList = 52FB7CFF20504632000F9B31 /* Build configuration list for PBXNativeTarget "ToDoList" */;
			buildPhases = (
				4B7E9EADABB3914616E9E744 /* [CP] Check Pods Manifest.lock */,
				52FB7CDE20504632000F9B31 /* Sources */,
				52FB7CDF20504632000F9B31 /* Frameworks */,
				52FB7CE020504632000F9B31 /* Resources */,
			);
			buildRules = (
			);
			dependencies = (
			);
			name = ToDoList;
			productName = ToDoList;
			productReference = 52FB7CE220504632000F9B31 /* ToDoList.app */;
			productType = "com.apple.product-type.application";
		};
		52FB7CF520504632000F9B31 /* ToDoListTests */ = {
			isa = PBXNativeTarget;
			buildConfigurationList = 52FB7D0220504632000F9B31 /* Build configuration list for PBXNativeTarget "ToDoListTests" */;
			buildPhases = (
				4E673CBA158A873C2C483AF5 /* [CP] Check Pods Manifest.lock */,
				52FB7CF220504632000F9B31 /* Sources */,
				52FB7CF320504632000F9B31 /* Frameworks */,
				52FB7CF420504632000F9B31 /* Resources */,
			);
			buildRules = (
			);
			dependencies = (
				52FB7CF820504632000F9B31 /* PBXTargetDependency */,
			);
			name = ToDoListTests;
			productName = ToDoListTests;
			productReference = 52FB7CF620504632000F9B31 /* ToDoListTests.xctest */;
			productType = "com.apple.product-type.bundle.unit-test";
		};
/* End PBXNativeTarget section */

/* Begin PBXProject section */
		52FB7CDA20504632000F9B31 /* Project object */ = {
			isa = PBXProject;
			attributes = {
				LastSwiftUpdateCheck = 0920;
				LastUpgradeCheck = 0920;
				ORGANIZATIONNAME = "Andrew Cheng";
				TargetAttributes = {
					52FB7CE120504632000F9B31 = {
						CreatedOnToolsVersion = 9.2;
						ProvisioningStyle = Automatic;
					};
					52FB7CF520504632000F9B31 = {
						CreatedOnToolsVersion = 9.2;
						ProvisioningStyle = Automatic;
						TestTargetID = 52FB7CE120504632000F9B31;
					};
				};
			};
			buildConfigurationList = 52FB7CDD20504632000F9B31 /* Build configuration list for PBXProject "ToDoList" */;
			compatibilityVersion = "Xcode 8.0";
			developmentRegion = en;
			hasScannedForEncodings = 0;
			knownRegions = (
				en,
				Base,
			);
			mainGroup = 52FB7CD920504632000F9B31;
			productRefGroup = 52FB7CE320504632000F9B31 /* Products */;
			projectDirPath = "";
			projectRoot = "";
			targets = (
				52FB7CE120504632000F9B31 /* ToDoList */,
				52FB7CF520504632000F9B31 /* ToDoListTests */,
			);
		};
/* End PBXProject section */

/* Begin PBXResourcesBuildPhase section */
		52FB7CE020504632000F9B31 /* Resources */ = {
			isa = PBXResourcesBuildPhase;
			buildActionMask = 2147483647;
			files = (
				52FB7CF020504632000F9B31 /* LaunchScreen.storyboard in Resources */,
				94D14E8421C1F45D00A6ADA1 /* credentials.plist in Resources */,
				52FB7CED20504632000F9B31 /* Assets.xcassets in Resources */,
				52FB7CEB20504632000F9B31 /* Main.storyboard in Resources */,
			);
			runOnlyForDeploymentPostprocessing = 0;
		};
		52FB7CF420504632000F9B31 /* Resources */ = {
			isa = PBXResourcesBuildPhase;
			buildActionMask = 2147483647;
			files = (
			);
			runOnlyForDeploymentPostprocessing = 0;
		};
/* End PBXResourcesBuildPhase section */

/* Begin PBXShellScriptBuildPhase section */
		4B7E9EADABB3914616E9E744 /* [CP] Check Pods Manifest.lock */ = {
			isa = PBXShellScriptBuildPhase;
			buildActionMask = 2147483647;
			files = (
			);
			inputFileListPaths = (
			);
			inputPaths = (
				"${PODS_PODFILE_DIR_PATH}/Podfile.lock",
				"${PODS_ROOT}/Manifest.lock",
			);
			name = "[CP] Check Pods Manifest.lock";
			outputFileListPaths = (
			);
			outputPaths = (
				"$(DERIVED_FILE_DIR)/Pods-ToDoList-checkManifestLockResult.txt",
			);
			runOnlyForDeploymentPostprocessing = 0;
			shellPath = /bin/sh;
			shellScript = "diff \"${PODS_PODFILE_DIR_PATH}/Podfile.lock\" \"${PODS_ROOT}/Manifest.lock\" > /dev/null\nif [ $? != 0 ] ; then\n    # print error to STDERR\n    echo \"error: The sandbox is not in sync with the Podfile.lock. Run 'pod install' or update your CocoaPods installation.\" >&2\n    exit 1\nfi\n# This output is used by Xcode 'outputs' to avoid re-running this script phase.\necho \"SUCCESS\" > \"${SCRIPT_OUTPUT_FILE_0}\"\n";
			showEnvVarsInLog = 0;
		};
		4E673CBA158A873C2C483AF5 /* [CP] Check Pods Manifest.lock */ = {
			isa = PBXShellScriptBuildPhase;
			buildActionMask = 2147483647;
			files = (
			);
			inputFileListPaths = (
			);
			inputPaths = (
				"${PODS_PODFILE_DIR_PATH}/Podfile.lock",
				"${PODS_ROOT}/Manifest.lock",
			);
			name = "[CP] Check Pods Manifest.lock";
			outputFileListPaths = (
			);
			outputPaths = (
				"$(DERIVED_FILE_DIR)/Pods-ToDoListTests-checkManifestLockResult.txt",
			);
			runOnlyForDeploymentPostprocessing = 0;
			shellPath = /bin/sh;
			shellScript = "diff \"${PODS_PODFILE_DIR_PATH}/Podfile.lock\" \"${PODS_ROOT}/Manifest.lock\" > /dev/null\nif [ $? != 0 ] ; then\n    # print error to STDERR\n    echo \"error: The sandbox is not in sync with the Podfile.lock. Run 'pod install' or update your CocoaPods installation.\" >&2\n    exit 1\nfi\n# This output is used by Xcode 'outputs' to avoid re-running this script phase.\necho \"SUCCESS\" > \"${SCRIPT_OUTPUT_FILE_0}\"\n";
			showEnvVarsInLog = 0;
		};
/* End PBXShellScriptBuildPhase section */

/* Begin PBXSourcesBuildPhase section */
		52FB7CDE20504632000F9B31 /* Sources */ = {
			isa = PBXSourcesBuildPhase;
			buildActionMask = 2147483647;
			files = (
				52FB7D06205050A7000F9B31 /* AddController.swift in Sources */,
				52FB7CE820504632000F9B31 /* ViewController.swift in Sources */,
				52FB7CE620504632000F9B31 /* AppDelegate.swift in Sources */,
				52FB7D08205052C0000F9B31 /* ToDoData.swift in Sources */,
			);
			runOnlyForDeploymentPostprocessing = 0;
		};
		52FB7CF220504632000F9B31 /* Sources */ = {
			isa = PBXSourcesBuildPhase;
			buildActionMask = 2147483647;
			files = (
				52FB7CFB20504632000F9B31 /* ToDoListTests.swift in Sources */,
			);
			runOnlyForDeploymentPostprocessing = 0;
		};
/* End PBXSourcesBuildPhase section */

/* Begin PBXTargetDependency section */
		52FB7CF820504632000F9B31 /* PBXTargetDependency */ = {
			isa = PBXTargetDependency;
			target = 52FB7CE120504632000F9B31 /* ToDoList */;
			targetProxy = 52FB7CF720504632000F9B31 /* PBXContainerItemProxy */;
		};
/* End PBXTargetDependency section */

/* Begin PBXVariantGroup section */
		52FB7CE920504632000F9B31 /* Main.storyboard */ = {
			isa = PBXVariantGroup;
			children = (
				52FB7CEA20504632000F9B31 /* Base */,
			);
			name = Main.storyboard;
			sourceTree = "<group>";
		};
		52FB7CEE20504632000F9B31 /* LaunchScreen.storyboard */ = {
			isa = PBXVariantGroup;
			children = (
				52FB7CEF20504632000F9B31 /* Base */,
			);
			name = LaunchScreen.storyboard;
			sourceTree = "<group>";
		};
/* End PBXVariantGroup section */

/* Begin XCBuildConfiguration section */
		52FB7CFD20504632000F9B31 /* Debug */ = {
			isa = XCBuildConfiguration;
			buildSettings = {
				ALWAYS_SEARCH_USER_PATHS = NO;
				CLANG_ANALYZER_NONNULL = YES;
				CLANG_ANALYZER_NUMBER_OBJECT_CONVERSION = YES_AGGRESSIVE;
				CLANG_CXX_LANGUAGE_STANDARD = "gnu++14";
				CLANG_CXX_LIBRARY = "libc++";
				CLANG_ENABLE_MODULES = YES;
				CLANG_ENABLE_OBJC_ARC = YES;
				CLANG_WARN_BLOCK_CAPTURE_AUTORELEASING = YES;
				CLANG_WARN_BOOL_CONVERSION = YES;
				CLANG_WARN_COMMA = YES;
				CLANG_WARN_CONSTANT_CONVERSION = YES;
				CLANG_WARN_DIRECT_OBJC_ISA_USAGE = YES_ERROR;
				CLANG_WARN_DOCUMENTATION_COMMENTS = YES;
				CLANG_WARN_EMPTY_BODY = YES;
				CLANG_WARN_ENUM_CONVERSION = YES;
				CLANG_WARN_INFINITE_RECURSION = YES;
				CLANG_WARN_INT_CONVERSION = YES;
				CLANG_WARN_NON_LITERAL_NULL_CONVERSION = YES;
				CLANG_WARN_OBJC_LITERAL_CONVERSION = YES;
				CLANG_WARN_OBJC_ROOT_CLASS = YES_ERROR;
				CLANG_WARN_RANGE_LOOP_ANALYSIS = YES;
				CLANG_WARN_STRICT_PROTOTYPES = YES;
				CLANG_WARN_SUSPICIOUS_MOVE = YES;
				CLANG_WARN_UNGUARDED_AVAILABILITY = YES_AGGRESSIVE;
				CLANG_WARN_UNREACHABLE_CODE = YES;
				CLANG_WARN__DUPLICATE_METHOD_MATCH = YES;
				CODE_SIGN_IDENTITY = "iPhone Developer";
				COPY_PHASE_STRIP = NO;
				DEBUG_INFORMATION_FORMAT = dwarf;
				ENABLE_STRICT_OBJC_MSGSEND = YES;
				ENABLE_TESTABILITY = YES;
				GCC_C_LANGUAGE_STANDARD = gnu11;
				GCC_DYNAMIC_NO_PIC = NO;
				GCC_NO_COMMON_BLOCKS = YES;
				GCC_OPTIMIZATION_LEVEL = 0;
				GCC_PREPROCESSOR_DEFINITIONS = (
					"DEBUG=1",
					"$(inherited)",
				);
				GCC_WARN_64_TO_32_BIT_CONVERSION = YES;
				GCC_WARN_ABOUT_RETURN_TYPE = YES_ERROR;
				GCC_WARN_UNDECLARED_SELECTOR = YES;
				GCC_WARN_UNINITIALIZED_AUTOS = YES_AGGRESSIVE;
				GCC_WARN_UNUSED_FUNCTION = YES;
				GCC_WARN_UNUSED_VARIABLE = YES;
				IPHONEOS_DEPLOYMENT_TARGET = 11.2;
				MTL_ENABLE_DEBUG_INFO = YES;
				ONLY_ACTIVE_ARCH = YES;
				SDKROOT = iphoneos;
				SWIFT_ACTIVE_COMPILATION_CONDITIONS = DEBUG;
				SWIFT_OPTIMIZATION_LEVEL = "-Onone";
			};
			name = Debug;
		};
		52FB7CFE20504632000F9B31 /* Release */ = {
			isa = XCBuildConfiguration;
			buildSettings = {
				ALWAYS_SEARCH_USER_PATHS = NO;
				CLANG_ANALYZER_NONNULL = YES;
				CLANG_ANALYZER_NUMBER_OBJECT_CONVERSION = YES_AGGRESSIVE;
				CLANG_CXX_LANGUAGE_STANDARD = "gnu++14";
				CLANG_CXX_LIBRARY = "libc++";
				CLANG_ENABLE_MODULES = YES;
				CLANG_ENABLE_OBJC_ARC = YES;
				CLANG_WARN_BLOCK_CAPTURE_AUTORELEASING = YES;
				CLANG_WARN_BOOL_CONVERSION = YES;
				CLANG_WARN_COMMA = YES;
				CLANG_WARN_CONSTANT_CONVERSION = YES;
				CLANG_WARN_DIRECT_OBJC_ISA_USAGE = YES_ERROR;
				CLANG_WARN_DOCUMENTATION_COMMENTS = YES;
				CLANG_WARN_EMPTY_BODY = YES;
				CLANG_WARN_ENUM_CONVERSION = YES;
				CLANG_WARN_INFINITE_RECURSION = YES;
				CLANG_WARN_INT_CONVERSION = YES;
				CLANG_WARN_NON_LITERAL_NULL_CONVERSION = YES;
				CLANG_WARN_OBJC_LITERAL_CONVERSION = YES;
				CLANG_WARN_OBJC_ROOT_CLASS = YES_ERROR;
				CLANG_WARN_RANGE_LOOP_ANALYSIS = YES;
				CLANG_WARN_STRICT_PROTOTYPES = YES;
				CLANG_WARN_SUSPICIOUS_MOVE = YES;
				CLANG_WARN_UNGUARDED_AVAILABILITY = YES_AGGRESSIVE;
				CLANG_WARN_UNREACHABLE_CODE = YES;
				CLANG_WARN__DUPLICATE_METHOD_MATCH = YES;
				CODE_SIGN_IDENTITY = "iPhone Developer";
				COPY_PHASE_STRIP = NO;
				DEBUG_INFORMATION_FORMAT = "dwarf-with-dsym";
				ENABLE_NS_ASSERTIONS = NO;
				ENABLE_STRICT_OBJC_MSGSEND = YES;
				GCC_C_LANGUAGE_STANDARD = gnu11;
				GCC_NO_COMMON_BLOCKS = YES;
				GCC_WARN_64_TO_32_BIT_CONVERSION = YES;
				GCC_WARN_ABOUT_RETURN_TYPE = YES_ERROR;
				GCC_WARN_UNDECLARED_SELECTOR = YES;
				GCC_WARN_UNINITIALIZED_AUTOS = YES_AGGRESSIVE;
				GCC_WARN_UNUSED_FUNCTION = YES;
				GCC_WARN_UNUSED_VARIABLE = YES;
				IPHONEOS_DEPLOYMENT_TARGET = 11.2;
				MTL_ENABLE_DEBUG_INFO = NO;
				SDKROOT = iphoneos;
				SWIFT_OPTIMIZATION_LEVEL = "-Owholemodule";
				VALIDATE_PRODUCT = YES;
			};
			name = Release;
		};
		52FB7D0020504632000F9B31 /* Debug */ = {
			isa = XCBuildConfiguration;
			baseConfigurationReference = 45C9D8B3CD90BDCFB58E829C /* Pods-ToDoList.debug.xcconfig */;
			buildSettings = {
				ASSETCATALOG_COMPILER_APPICON_NAME = AppIcon;
				CODE_SIGN_IDENTITY = "iPhone Developer";
				CODE_SIGN_STYLE = Automatic;
				DEVELOPMENT_TEAM = 9KFAHTVCHM;
				INFOPLIST_FILE = ToDoList/Info.plist;
				LD_RUNPATH_SEARCH_PATHS = "$(inherited) @executable_path/Frameworks";
				PRODUCT_BUNDLE_IDENTIFIER = ac.ToDoList;
				PRODUCT_NAME = "$(TARGET_NAME)";
				PROVISIONING_PROFILE_SPECIFIER = "";
				SWIFT_VERSION = 4.0;
				TARGETED_DEVICE_FAMILY = "1,2";
			};
			name = Debug;
		};
		52FB7D0120504632000F9B31 /* Release */ = {
			isa = XCBuildConfiguration;
			baseConfigurationReference = 077BB539BC09D46C6489A2D0 /* Pods-ToDoList.release.xcconfig */;
			buildSettings = {
				ASSETCATALOG_COMPILER_APPICON_NAME = AppIcon;
				CODE_SIGN_IDENTITY = "iPhone Developer";
				CODE_SIGN_STYLE = Automatic;
				DEVELOPMENT_TEAM = 9KFAHTVCHM;
				INFOPLIST_FILE = ToDoList/Info.plist;
				LD_RUNPATH_SEARCH_PATHS = "$(inherited) @executable_path/Frameworks";
				PRODUCT_BUNDLE_IDENTIFIER = ac.ToDoList;
				PRODUCT_NAME = "$(TARGET_NAME)";
				PROVISIONING_PROFILE_SPECIFIER = "";
				SWIFT_VERSION = 4.0;
				TARGETED_DEVICE_FAMILY = "1,2";
			};
			name = Release;
		};
		52FB7D0320504632000F9B31 /* Debug */ = {
			isa = XCBuildConfiguration;
			baseConfigurationReference = 57431213605A06726072B21E /* Pods-ToDoListTests.debug.xcconfig */;
			buildSettings = {
				ALWAYS_EMBED_SWIFT_STANDARD_LIBRARIES = YES;
				BUNDLE_LOADER = "$(TEST_HOST)";
				CODE_SIGN_STYLE = Automatic;
				INFOPLIST_FILE = ToDoListTests/Info.plist;
				LD_RUNPATH_SEARCH_PATHS = "$(inherited) @executable_path/Frameworks @loader_path/Frameworks";
				PRODUCT_BUNDLE_IDENTIFIER = ac.ToDoListTests;
				PRODUCT_NAME = "$(TARGET_NAME)";
				SWIFT_VERSION = 4.0;
				TARGETED_DEVICE_FAMILY = "1,2";
				TEST_HOST = "$(BUILT_PRODUCTS_DIR)/ToDoList.app/ToDoList";
			};
			name = Debug;
		};
		52FB7D0420504632000F9B31 /* Release */ = {
			isa = XCBuildConfiguration;
			baseConfigurationReference = 0BD9A856E6057600C93E4AC1 /* Pods-ToDoListTests.release.xcconfig */;
			buildSettings = {
				ALWAYS_EMBED_SWIFT_STANDARD_LIBRARIES = YES;
				BUNDLE_LOADER = "$(TEST_HOST)";
				CODE_SIGN_STYLE = Automatic;
				INFOPLIST_FILE = ToDoListTests/Info.plist;
				LD_RUNPATH_SEARCH_PATHS = "$(inherited) @executable_path/Frameworks @loader_path/Frameworks";
				PRODUCT_BUNDLE_IDENTIFIER = ac.ToDoListTests;
				PRODUCT_NAME = "$(TARGET_NAME)";
				SWIFT_VERSION = 4.0;
				TARGETED_DEVICE_FAMILY = "1,2";
				TEST_HOST = "$(BUILT_PRODUCTS_DIR)/ToDoList.app/ToDoList";
			};
			name = Release;
		};
/* End XCBuildConfiguration section */

/* Begin XCConfigurationList section */
		52FB7CDD20504632000F9B31 /* Build configuration list for PBXProject "ToDoList" */ = {
			isa = XCConfigurationList;
			buildConfigurations = (
				52FB7CFD20504632000F9B31 /* Debug */,
				52FB7CFE20504632000F9B31 /* Release */,
			);
			defaultConfigurationIsVisible = 0;
			defaultConfigurationName = Release;
		};
		52FB7CFF20504632000F9B31 /* Build configuration list for PBXNativeTarget "ToDoList" */ = {
			isa = XCConfigurationList;
			buildConfigurations = (
				52FB7D0020504632000F9B31 /* Debug */,
				52FB7D0120504632000F9B31 /* Release */,
			);
			defaultConfigurationIsVisible = 0;
			defaultConfigurationName = Release;
		};
		52FB7D0220504632000F9B31 /* Build configuration list for PBXNativeTarget "ToDoListTests" */ = {
			isa = XCConfigurationList;
			buildConfigurations = (
				52FB7D0320504632000F9B31 /* Debug */,
				52FB7D0420504632000F9B31 /* Release */,
			);
			defaultConfigurationIsVisible = 0;
			defaultConfigurationName = Release;
		};
/* End XCConfigurationList section */
	};
	rootObject = 52FB7CDA20504632000F9B31 /* Project object */;
}
